{
  "dependencies": {
    "connect": {
      "version": "3.6.0",
      "resolved": "https://registry.npmjs.org/connect/-/connect-3.6.0.tgz",
      "from": "connect@3.6.0"
    },
    "connect-query": {
      "version": "0.2.0",
      "resolved": "https://registry.npmjs.org/connect-query/-/connect-query-0.2.0.tgz",
      "from": "connect-query@0.2.0"
    },
    "debug": {
      "version": "2.6.1",
      "resolved": "https://registry.npmjs.org/debug/-/debug-2.6.1.tgz",
      "from": "debug@2.6.1"
    },
    "ee-first": {
      "version": "1.1.1",
      "resolved": "https://registry.npmjs.org/ee-first/-/ee-first-1.1.1.tgz",
      "from": "ee-first@1.1.1"
    },
    "encodeurl": {
      "version": "1.0.1",
      "resolved": "https://registry.npmjs.org/encodeurl/-/encodeurl-1.0.1.tgz",
      "from": "encodeurl@>=1.0.1 <1.1.0"
    },
    "escape-html": {
      "version": "1.0.3",
      "resolved": "https://registry.npmjs.org/escape-html/-/escape-html-1.0.3.tgz",
      "from": "escape-html@>=1.0.3 <1.1.0"
    },
    "finalhandler": {
      "version": "1.0.0",
      "resolved": "https://registry.npmjs.org/finalhandler/-/finalhandler-1.0.0.tgz",
      "from": "finalhandler@1.0.0"
    },
    "ms": {
      "version": "0.7.2",
      "resolved": "https://registry.npmjs.org/ms/-/ms-0.7.2.tgz",
      "from": "ms@0.7.2"
    },
    "on-finished": {
      "version": "2.3.0",
      "resolved": "https://registry.npmjs.org/on-finished/-/on-finished-2.3.0.tgz",
      "from": "on-finished@>=2.3.0 <2.4.0"
    },
    "parseurl": {
      "version": "1.3.1",
      "resolved": "https://registry.npmjs.org/parseurl/-/parseurl-1.3.1.tgz",
      "from": "parseurl@>=1.3.1 <1.4.0"
    },
    "passport": {
      "version": "0.2.2",
      "resolved": "https://registry.npmjs.org/passport/-/passport-0.2.2.tgz",
      "from": "passport@>=0.2.1 <0.3.0"
    },
    "passport-strategy": {
      "version": "1.0.0",
      "resolved": "https://registry.npmjs.org/passport-strategy/-/passport-strategy-1.0.0.tgz",
      "from": "passport-strategy@>=1.0.0 <2.0.0"
    },
    "passport-tequila": {
      "version": "0.1.12",
      "resolved": "https://registry.npmjs.org/passport-tequila/-/passport-tequila-0.1.12.tgz",
      "from": "passport-tequila@0.1.12"
    },
    "pause": {
      "version": "0.0.1",
      "resolved": "https://registry.npmjs.org/pause/-/pause-0.0.1.tgz",
      "from": "pause@0.0.1"
    },
    "punycode": {
      "version": "1.3.2",
      "resolved": "https://registry.npmjs.org/punycode/-/punycode-1.3.2.tgz",
      "from": "punycode@1.3.2"
    },
    "qs": {
      "version": "1.1.0",
      "resolved": "https://registry.npmjs.org/qs/-/qs-1.1.0.tgz",
      "from": "qs@>=1.1.0 <1.2.0"
    },
    "querystring": {
      "version": "0.2.0",
      "resolved": "https://registry.npmjs.org/querystring/-/querystring-0.2.0.tgz",
      "from": "querystring@0.2.0"
    },
    "statuses": {
      "version": "1.3.1",
      "resolved": "https://registry.npmjs.org/statuses/-/statuses-1.3.1.tgz",
      "from": "statuses@>=1.3.1 <1.4.0"
    },
    "unpipe": {
      "version": "1.0.0",
      "resolved": "https://registry.npmjs.org/unpipe/-/unpipe-1.0.0.tgz",
      "from": "unpipe@>=1.0.0 <1.1.0"
    },
    "url": {
      "version": "0.11.0",
      "resolved": "https://registry.npmjs.org/url/-/url-0.11.0.tgz",
      "from": "url@0.11.0"
    },
    "utils-merge": {
      "version": "1.0.0",
      "resolved": "https://registry.npmjs.org/utils-merge/-/utils-merge-1.0.0.tgz",
      "from": "utils-merge@1.0.0"
    }
  }
}
